
Microsoft Visual Studio Solution File, Format Version 12.00
# Visual Studio Version 17
VisualStudioVersion = 17.0.31903.59
MinimumVisualStudioVersion = 10.0.40219.1
Project("{2150E333-8FDC-42A3-9474-1A3956D46DE8}") = "src", "src", "{0E2ACCC5-C73D-4ABA-AFE0-1F8F178976C5}"
EndProject
Project("{FAE04EC0-301F-11D3-BF4B-00C04F79EFBC}") = "AssistedPaymentTerminal.Desktop", "src\AssistedPaymentTerminal.Desktop\AssistedPaymentTerminal.Desktop.csproj", "{2EE15A1F-CCE5-474B-A093-9A05837D5C50}"
EndProject
Project("{2150E333-8FDC-42A3-9474-1A3956D46DE8}") = "tests", "tests", "{EF0C5216-7436-46A5-81CF-1AB0AC845A1A}"
EndProject
Project("{FAE04EC0-301F-11D3-BF4B-00C04F79EFBC}") = "AssistedPaymentTerminal.Desktop.Tests", "tests\AssistedPaymentTerminal.Desktop.Tests\AssistedPaymentTerminal.Desktop.Tests.csproj", "{6EFBA611-53F5-46DF-A3BA-A02D187DBB07}"
EndProject
Project("{FAE04EC0-301F-11D3-BF4B-00C04F79EFBC}") = "AssistedPaymentTerminal.LocalOperations", "src\AssistedPaymentTerminal.LocalOperations\AssistedPaymentTerminal.LocalOperations.csproj", "{5BF6C561-F378-49A1-A331-F95391C24D03}"
EndProject
Project("{FAE04EC0-301F-11D3-BF4B-00C04F79EFBC}") = "AssistedPaymentTerminal.LocalOperations.Tests", "tests\AssistedPaymentTerminal.LocalOperations.Tests\AssistedPaymentTerminal.LocalOperations.Tests.csproj", "{C176E6F3-878F-420B-9A7D-C9214CFA3CAF}"
EndProject
Project("{2150E333-8FDC-42A3-9474-1A3956D46DE8}") = "tools", "tools", "{001D7FD3-28AC-487F-965E-DC58CA05F815}"
EndProject
Project("{FAE04EC0-301F-11D3-BF4B-00C04F79EFBC}") = "AssistedPaymentTerminal.LocalOperations.Proof", "tools\AssistedPaymentTerminal.LocalOperations.Proof\AssistedPaymentTerminal.LocalOperations.Proof.csproj", "{475C71E3-2C85-4C0E-97A0-AC2AB2F3BA56}"
EndProject
Project("{FAE04EC0-301F-11D3-BF4B-00C04F79EFBC}") = "AssistedPaymentTerminal.CentralPmsCashSubmissionProof", "tools\AssistedPaymentTerminal.CentralPmsCashSubmissionProof\AssistedPaymentTerminal.CentralPmsCashSubmissionProof.csproj", "{80B4EE7E-1348-4798-853E-B1B35F2F4190}"
EndProject
Project("{FAE04EC0-301F-11D3-BF4B-00C04F79EFBC}") = "AssistedPaymentTerminal.CentralPmsCashSubmissionUiProof", "tools\AssistedPaymentTerminal.CentralPmsCashSubmissionUiProof\AssistedPaymentTerminal.CentralPmsCashSubmissionUiProof.csproj", "{D83F40E5-C61C-4DFC-AD66-2606F76943C6}"
EndProject
Project("{FAE04EC0-301F-11D3-BF4B-00C04F79EFBC}") = "AssistedPaymentTerminal.CentralPmsCashFiscalOutboxProof", "tools\AssistedPaymentTerminal.CentralPmsCashFiscalOutboxProof\AssistedPaymentTerminal.CentralPmsCashFiscalOutboxProof.csproj", "{BB583AA1-3DD5-41C2-B62B-EAE5B74C050A}"
EndProject
Project("{FAE04EC0-301F-11D3-BF4B-00C04F79EFBC}") = "AssistedPaymentTerminal.CentralPmsCashFiscalUiProof", "tools\AssistedPaymentTerminal.CentralPmsCashFiscalUiProof\AssistedPaymentTerminal.CentralPmsCashFiscalUiProof.csproj", "{E7822DA2-DD39-4C57-913C-721B2B3ACD7C}"
EndProject
Project("{FAE04EC0-301F-11D3-BF4B-00C04F79EFBC}") = "AssistedPaymentTerminal.CentralPmsCashReceiptPreviewUiProof", "tools\AssistedPaymentTerminal.CentralPmsCashReceiptPreviewUiProof\AssistedPaymentTerminal.CentralPmsCashReceiptPreviewUiProof.csproj", "{A356BB99-4C41-4683-8D1B-83AA8528698D}"
EndProject
Project("{FAE04EC0-301F-11D3-BF4B-00C04F79EFBC}") = "AssistedPaymentTerminal.SqliteEncryptionProviderProof", "tools\AssistedPaymentTerminal.SqliteEncryptionProviderProof\AssistedPaymentTerminal.SqliteEncryptionProviderProof.csproj", "{718F0DB3-793A-438D-8A58-1D5ECF057FE5}"
EndProject
Project("{FAE04EC0-301F-11D3-BF4B-00C04F79EFBC}") = "AssistedPaymentTerminal.SqliteEncryptionProviderProof.Tests", "tests\AssistedPaymentTerminal.SqliteEncryptionProviderProof.Tests\AssistedPaymentTerminal.SqliteEncryptionProviderProof.Tests.csproj", "{6F46D83F-619C-400E-96D5-1ADF78DCC28F}"
EndProject
Project("{FAE04EC0-301F-11D3-BF4B-00C04F79EFBC}") = "AssistedPaymentTerminal.PlaintextDatabaseMigration", "tools\AssistedPaymentTerminal.PlaintextDatabaseMigration\AssistedPaymentTerminal.PlaintextDatabaseMigration.csproj", "{AF62FE1D-F186-47BE-867F-5C83FD64B2EB}"
EndProject
Project("{FAE04EC0-301F-11D3-BF4B-00C04F79EFBC}") = "AssistedPaymentTerminal.PlaintextDatabaseMigration.ValidationHarness", "tools\AssistedPaymentTerminal.PlaintextDatabaseMigration.ValidationHarness\AssistedPaymentTerminal.PlaintextDatabaseMigration.ValidationHarness.csproj", "{30F9E7B5-CB65-4BE8-B8A7-6CE9FF1A62EF}"
EndProject
Global
	GlobalSection(SolutionConfigurationPlatforms) = preSolution
		Debug|Any CPU = Debug|Any CPU
		Release|Any CPU = Release|Any CPU
	EndGlobalSection
	GlobalSection(SolutionProperties) = preSolution
		HideSolutionNode = FALSE
	EndGlobalSection
	GlobalSection(ProjectConfigurationPlatforms) = postSolution
		{2EE15A1F-CCE5-474B-A093-9A05837D5C50}.Debug|Any CPU.ActiveCfg = Debug|Any CPU
		{2EE15A1F-CCE5-474B-A093-9A05837D5C50}.Debug|Any CPU.Build.0 = Debug|Any CPU
		{2EE15A1F-CCE5-474B-A093-9A05837D5C50}.Release|Any CPU.ActiveCfg = Release|Any CPU
		{2EE15A1F-CCE5-474B-A093-9A05837D5C50}.Release|Any CPU.Build.0 = Release|Any CPU
		{6EFBA611-53F5-46DF-A3BA-A02D187DBB07}.Debug|Any CPU.ActiveCfg = Debug|Any CPU
		{6EFBA611-53F5-46DF-A3BA-A02D187DBB07}.Debug|Any CPU.Build.0 = Debug|Any CPU
		{6EFBA611-53F5-46DF-A3BA-A02D187DBB07}.Release|Any CPU.ActiveCfg = Release|Any CPU
		{6EFBA611-53F5-46DF-A3BA-A02D187DBB07}.Release|Any CPU.Build.0 = Release|Any CPU
		{5BF6C561-F378-49A1-A331-F95391C24D03}.Debug|Any CPU.ActiveCfg = Debug|Any CPU
		{5BF6C561-F378-49A1-A331-F95391C24D03}.Debug|Any CPU.Build.0 = Debug|Any CPU
		{5BF6C561-F378-49A1-A331-F95391C24D03}.Release|Any CPU.ActiveCfg = Release|Any CPU
		{5BF6C561-F378-49A1-A331-F95391C24D03}.Release|Any CPU.Build.0 = Release|Any CPU
		{C176E6F3-878F-420B-9A7D-C9214CFA3CAF}.Debug|Any CPU.ActiveCfg = Debug|Any CPU
		{C176E6F3-878F-420B-9A7D-C9214CFA3CAF}.Debug|Any CPU.Build.0 = Debug|Any CPU
		{C176E6F3-878F-420B-9A7D-C9214CFA3CAF}.Release|Any CPU.ActiveCfg = Release|Any CPU
		{C176E6F3-878F-420B-9A7D-C9214CFA3CAF}.Release|Any CPU.Build.0 = Release|Any CPU
		{475C71E3-2C85-4C0E-97A0-AC2AB2F3BA56}.Debug|Any CPU.ActiveCfg = Debug|Any CPU
		{475C71E3-2C85-4C0E-97A0-AC2AB2F3BA56}.Debug|Any CPU.Build.0 = Debug|Any CPU
		{475C71E3-2C85-4C0E-97A0-AC2AB2F3BA56}.Release|Any CPU.ActiveCfg = Release|Any CPU
		{475C71E3-2C85-4C0E-97A0-AC2AB2F3BA56}.Release|Any CPU.Build.0 = Release|Any CPU
		{80B4EE7E-1348-4798-853E-B1B35F2F4190}.Debug|Any CPU.ActiveCfg = Debug|Any CPU
		{80B4EE7E-1348-4798-853E-B1B35F2F4190}.Debug|Any CPU.Build.0 = Debug|Any CPU
		{80B4EE7E-1348-4798-853E-B1B35F2F4190}.Release|Any CPU.ActiveCfg = Release|Any CPU
		{80B4EE7E-1348-4798-853E-B1B35F2F4190}.Release|Any CPU.Build.0 = Release|Any CPU
		{D83F40E5-C61C-4DFC-AD66-2606F76943C6}.Debug|Any CPU.ActiveCfg = Debug|Any CPU
		{D83F40E5-C61C-4DFC-AD66-2606F76943C6}.Debug|Any CPU.Build.0 = Debug|Any CPU
		{D83F40E5-C61C-4DFC-AD66-2606F76943C6}.Release|Any CPU.ActiveCfg = Release|Any CPU
		{D83F40E5-C61C-4DFC-AD66-2606F76943C6}.Release|Any CPU.Build.0 = Release|Any CPU
		{BB583AA1-3DD5-41C2-B62B-EAE5B74C050A}.Debug|Any CPU.ActiveCfg = Debug|Any CPU
		{BB583AA1-3DD5-41C2-B62B-EAE5B74C050A}.Debug|Any CPU.Build.0 = Debug|Any CPU
		{BB583AA1-3DD5-41C2-B62B-EAE5B74C050A}.Release|Any CPU.ActiveCfg = Release|Any CPU
		{BB583AA1-3DD5-41C2-B62B-EAE5B74C050A}.Release|Any CPU.Build.0 = Release|Any CPU
		{E7822DA2-DD39-4C57-913C-721B2B3ACD7C}.Debug|Any CPU.ActiveCfg = Debug|Any CPU
		{E7822DA2-DD39-4C57-913C-721B2B3ACD7C}.Debug|Any CPU.Build.0 = Debug|Any CPU
		{E7822DA2-DD39-4C57-913C-721B2B3ACD7C}.Release|Any CPU.ActiveCfg = Release|Any CPU
		{E7822DA2-DD39-4C57-913C-721B2B3ACD7C}.Release|Any CPU.Build.0 = Release|Any CPU
		{A356BB99-4C41-4683-8D1B-83AA8528698D}.Debug|Any CPU.ActiveCfg = Debug|Any CPU
		{A356BB99-4C41-4683-8D1B-83AA8528698D}.Debug|Any CPU.Build.0 = Debug|Any CPU
		{A356BB99-4C41-4683-8D1B-83AA8528698D}.Release|Any CPU.ActiveCfg = Release|Any CPU
		{A356BB99-4C41-4683-8D1B-83AA8528698D}.Release|Any CPU.Build.0 = Release|Any CPU
		{718F0DB3-793A-438D-8A58-1D5ECF057FE5}.Debug|Any CPU.ActiveCfg = Debug|Any CPU
		{718F0DB3-793A-438D-8A58-1D5ECF057FE5}.Debug|Any CPU.Build.0 = Debug|Any CPU
		{718F0DB3-793A-438D-8A58-1D5ECF057FE5}.Release|Any CPU.ActiveCfg = Release|Any CPU
		{718F0DB3-793A-438D-8A58-1D5ECF057FE5}.Release|Any CPU.Build.0 = Release|Any CPU
		{6F46D83F-619C-400E-96D5-1ADF78DCC28F}.Debug|Any CPU.ActiveCfg = Debug|Any CPU
		{6F46D83F-619C-400E-96D5-1ADF78DCC28F}.Debug|Any CPU.Build.0 = Debug|Any CPU
		{6F46D83F-619C-400E-96D5-1ADF78DCC28F}.Release|Any CPU.ActiveCfg = Release|Any CPU
		{6F46D83F-619C-400E-96D5-1ADF78DCC28F}.Release|Any CPU.Build.0 = Release|Any CPU
		{AF62FE1D-F186-47BE-867F-5C83FD64B2EB}.Debug|Any CPU.ActiveCfg = Debug|Any CPU
		{AF62FE1D-F186-47BE-867F-5C83FD64B2EB}.Debug|Any CPU.Build.0 = Debug|Any CPU
		{AF62FE1D-F186-47BE-867F-5C83FD64B2EB}.Release|Any CPU.ActiveCfg = Release|Any CPU
		{AF62FE1D-F186-47BE-867F-5C83FD64B2EB}.Release|Any CPU.Build.0 = Release|Any CPU
		{30F9E7B5-CB65-4BE8-B8A7-6CE9FF1A62EF}.Debug|Any CPU.ActiveCfg = Debug|Any CPU
		{30F9E7B5-CB65-4BE8-B8A7-6CE9FF1A62EF}.Debug|Any CPU.Build.0 = Debug|Any CPU
		{30F9E7B5-CB65-4BE8-B8A7-6CE9FF1A62EF}.Release|Any CPU.ActiveCfg = Release|Any CPU
		{30F9E7B5-CB65-4BE8-B8A7-6CE9FF1A62EF}.Release|Any CPU.Build.0 = Release|Any CPU
	EndGlobalSection
	GlobalSection(NestedProjects) = preSolution
		{2EE15A1F-CCE5-474B-A093-9A05837D5C50} = {0E2ACCC5-C73D-4ABA-AFE0-1F8F178976C5}
		{6EFBA611-53F5-46DF-A3BA-A02D187DBB07} = {EF0C5216-7436-46A5-81CF-1AB0AC845A1A}
		{5BF6C561-F378-49A1-A331-F95391C24D03} = {0E2ACCC5-C73D-4ABA-AFE0-1F8F178976C5}
		{C176E6F3-878F-420B-9A7D-C9214CFA3CAF} = {EF0C5216-7436-46A5-81CF-1AB0AC845A1A}
		{475C71E3-2C85-4C0E-97A0-AC2AB2F3BA56} = {001D7FD3-28AC-487F-965E-DC58CA05F815}
		{80B4EE7E-1348-4798-853E-B1B35F2F4190} = {001D7FD3-28AC-487F-965E-DC58CA05F815}
		{D83F40E5-C61C-4DFC-AD66-2606F76943C6} = {001D7FD3-28AC-487F-965E-DC58CA05F815}
		{BB583AA1-3DD5-41C2-B62B-EAE5B74C050A} = {001D7FD3-28AC-487F-965E-DC58CA05F815}
		{E7822DA2-DD39-4C57-913C-721B2B3ACD7C} = {001D7FD3-28AC-487F-965E-DC58CA05F815}
		{A356BB99-4C41-4683-8D1B-83AA8528698D} = {001D7FD3-28AC-487F-965E-DC58CA05F815}
		{718F0DB3-793A-438D-8A58-1D5ECF057FE5} = {001D7FD3-28AC-487F-965E-DC58CA05F815}
		{6F46D83F-619C-400E-96D5-1ADF78DCC28F} = {EF0C5216-7436-46A5-81CF-1AB0AC845A1A}
		{AF62FE1D-F186-47BE-867F-5C83FD64B2EB} = {001D7FD3-28AC-487F-965E-DC58CA05F815}
		{30F9E7B5-CB65-4BE8-B8A7-6CE9FF1A62EF} = {001D7FD3-28AC-487F-965E-DC58CA05F815}
	EndGlobalSection
EndGlobal
